{
  "lockfileVersion": 1,
  "configVersion": 0,
  "workspaces": {
    "": {
      "name": "inky",
      "dependencies": {
        "@polar-sh/sdk": "^0.41.5",
        "@simplewebauthn/browser": "^13.2.2",
        "@simplewebauthn/server": "^13.2.2",
        "eventsource-client": "^1.2.0",
        "lit": "^3.3.1",
        "nanoid": "^5.1.6",
        "ua-parser-js": "^2.0.6",
      },
      "devDependencies": {
        "@biomejs/biome": "^2.3.2",
        "@simplewebauthn/types": "^12.0.0",
        "@types/bun": "latest",
      },
      "peerDependencies": {
        "typescript": "^5",
      },
    },
  },
  "packages": {
    "@biomejs/biome": ["@biomejs/biome@2.3.2", "", { "optionalDependencies": { "@biomejs/cli-darwin-arm64": "2.3.2", "@biomejs/cli-darwin-x64": "2.3.2", "@biomejs/cli-linux-arm64": "2.3.2", "@biomejs/cli-linux-arm64-musl": "2.3.2", "@biomejs/cli-linux-x64": "2.3.2", "@biomejs/cli-linux-x64-musl": "2.3.2", "@biomejs/cli-win32-arm64": "2.3.2", "@biomejs/cli-win32-x64": "2.3.2" }, "bin": { "biome": "bin/biome" } }, "sha512-8e9tzamuDycx7fdrcJ/F/GDZ8SYukc5ud6tDicjjFqURKYFSWMl0H0iXNXZEGmcmNUmABgGuHThPykcM41INgg=="],

    "@biomejs/cli-darwin-arm64": ["@biomejs/cli-darwin-arm64@2.3.2", "", { "os": "darwin", "cpu": "arm64" }, "sha512-4LECm4kc3If0JISai4c3KWQzukoUdpxy4fRzlrPcrdMSRFksR9ZoXK7JBcPuLBmd2SoT4/d7CQS33VnZpgBjew=="],

    "@biomejs/cli-darwin-x64": ["@biomejs/cli-darwin-x64@2.3.2", "", { "os": "darwin", "cpu": "x64" }, "sha512-jNMnfwHT4N3wi+ypRfMTjLGnDmKYGzxVr1EYAPBcauRcDnICFXN81wD6wxJcSUrLynoyyYCdfW6vJHS/IAoTDA=="],

    "@biomejs/cli-linux-arm64": ["@biomejs/cli-linux-arm64@2.3.2", "", { "os": "linux", "cpu": "arm64" }, "sha512-amnqvk+gWybbQleRRq8TMe0rIv7GHss8mFJEaGuEZYWg1Tw14YKOkeo8h6pf1c+d3qR+JU4iT9KXnBKGON4klw=="],

    "@biomejs/cli-linux-arm64-musl": ["@biomejs/cli-linux-arm64-musl@2.3.2", "", { "os": "linux", "cpu": "arm64" }, "sha512-2Zz4usDG1GTTPQnliIeNx6eVGGP2ry5vE/v39nT73a3cKN6t5H5XxjcEoZZh62uVZvED7hXXikclvI64vZkYqw=="],

    "@biomejs/cli-linux-x64": ["@biomejs/cli-linux-x64@2.3.2", "", { "os": "linux", "cpu": "x64" }, "sha512-8BG/vRAhFz1pmuyd24FQPhNeueLqPtwvZk6yblABY2gzL2H8fLQAF/Z2OPIc+BPIVPld+8cSiKY/KFh6k81xfA=="],

    "@biomejs/cli-linux-x64-musl": ["@biomejs/cli-linux-x64-musl@2.3.2", "", { "os": "linux", "cpu": "x64" }, "sha512-gzB19MpRdTuOuLtPpFBGrV3Lq424gHyq2lFj8wfX9tvLMLdmA/R9C7k/mqBp/spcbWuHeIEKgEs3RviOPcWGBA=="],

    "@biomejs/cli-win32-arm64": ["@biomejs/cli-win32-arm64@2.3.2", "", { "os": "win32", "cpu": "arm64" }, "sha512-lCruqQlfWjhMlOdyf5pDHOxoNm4WoyY2vZ4YN33/nuZBRstVDuqPPjS0yBkbUlLEte11FbpW+wWSlfnZfSIZvg=="],

    "@biomejs/cli-win32-x64": ["@biomejs/cli-win32-x64@2.3.2", "", { "os": "win32", "cpu": "x64" }, "sha512-6Ee9P26DTb4D8sN9nXxgbi9Dw5vSOfH98M7UlmkjKB2vtUbrRqCbZiNfryGiwnPIpd6YUoTl7rLVD2/x1CyEHQ=="],

    "@hexagon/base64": ["@hexagon/base64@1.1.28", "", {}, "sha512-lhqDEAvWixy3bZ+UOYbPwUbBkwBq5C1LAJ/xPC8Oi+lL54oyakv/npbA0aU2hgCsx/1NUd4IBvV03+aUBWxerw=="],

    "@levischuck/tiny-cbor": ["@levischuck/tiny-cbor@0.2.11", "", {}, "sha512-llBRm4dT4Z89aRsm6u2oEZ8tfwL/2l6BwpZ7JcyieouniDECM5AqNgr/y08zalEIvW3RSK4upYyybDcmjXqAow=="],

    "@lit-labs/ssr-dom-shim": ["@lit-labs/ssr-dom-shim@1.4.0", "", {}, "sha512-ficsEARKnmmW5njugNYKipTm4SFnbik7CXtoencDZzmzo/dQ+2Q0bgkzJuoJP20Aj0F+izzJjOqsnkd6F/o1bw=="],

    "@lit/reactive-element": ["@lit/reactive-element@2.1.1", "", { "dependencies": { "@lit-labs/ssr-dom-shim": "^1.4.0" } }, "sha512-N+dm5PAYdQ8e6UlywyyrgI2t++wFGXfHx+dSJ1oBrg6FAxUj40jId++EaRm80MKX5JnlH1sBsyZ5h0bcZKemCg=="],

    "@peculiar/asn1-android": ["@peculiar/asn1-android@2.5.0", "", { "dependencies": { "@peculiar/asn1-schema": "^2.5.0", "asn1js": "^3.0.6", "tslib": "^2.8.1" } }, "sha512-t8A83hgghWQkcneRsgGs2ebAlRe54ns88p7ouv8PW2tzF1nAW4yHcL4uZKrFpIU+uszIRzTkcCuie37gpkId0A=="],

    "@peculiar/asn1-cms": ["@peculiar/asn1-cms@2.5.0", "", { "dependencies": { "@peculiar/asn1-schema": "^2.5.0", "@peculiar/asn1-x509": "^2.5.0", "@peculiar/asn1-x509-attr": "^2.5.0", "asn1js": "^3.0.6", "tslib": "^2.8.1" } }, "sha512-p0SjJ3TuuleIvjPM4aYfvYw8Fk1Hn/zAVyPJZTtZ2eE9/MIer6/18ROxX6N/e6edVSfvuZBqhxAj3YgsmSjQ/A=="],

    "@peculiar/asn1-csr": ["@peculiar/asn1-csr@2.5.0", "", { "dependencies": { "@peculiar/asn1-schema": "^2.5.0", "@peculiar/asn1-x509": "^2.5.0", "asn1js": "^3.0.6", "tslib": "^2.8.1" } }, "sha512-ioigvA6WSYN9h/YssMmmoIwgl3RvZlAYx4A/9jD2qaqXZwGcNlAxaw54eSx2QG1Yu7YyBC5Rku3nNoHrQ16YsQ=="],

    "@peculiar/asn1-ecc": ["@peculiar/asn1-ecc@2.5.0", "", { "dependencies": { "@peculiar/asn1-schema": "^2.5.0", "@peculiar/asn1-x509": "^2.5.0", "asn1js": "^3.0.6", "tslib": "^2.8.1" } }, "sha512-t4eYGNhXtLRxaP50h3sfO6aJebUCDGQACoeexcelL4roMFRRVgB20yBIu2LxsPh/tdW9I282gNgMOyg3ywg/mg=="],

    "@peculiar/asn1-pfx": ["@peculiar/asn1-pfx@2.5.0", "", { "dependencies": { "@peculiar/asn1-cms": "^2.5.0", "@peculiar/asn1-pkcs8": "^2.5.0", "@peculiar/asn1-rsa": "^2.5.0", "@peculiar/asn1-schema": "^2.5.0", "asn1js": "^3.0.6", "tslib": "^2.8.1" } }, "sha512-Vj0d0wxJZA+Ztqfb7W+/iu8Uasw6hhKtCdLKXLG/P3kEPIQpqGI4P4YXlROfl7gOCqFIbgsj1HzFIFwQ5s20ug=="],

    "@peculiar/asn1-pkcs8": ["@peculiar/asn1-pkcs8@2.5.0", "", { "dependencies": { "@peculiar/asn1-schema": "^2.5.0", "@peculiar/asn1-x509": "^2.5.0", "asn1js": "^3.0.6", "tslib": "^2.8.1" } }, "sha512-L7599HTI2SLlitlpEP8oAPaJgYssByI4eCwQq2C9eC90otFpm8MRn66PpbKviweAlhinWQ3ZjDD2KIVtx7PaVw=="],

    "@peculiar/asn1-pkcs9": ["@peculiar/asn1-pkcs9@2.5.0", "", { "dependencies": { "@peculiar/asn1-cms": "^2.5.0", "@peculiar/asn1-pfx": "^2.5.0", "@peculiar/asn1-pkcs8": "^2.5.0", "@peculiar/asn1-schema": "^2.5.0", "@peculiar/asn1-x509": "^2.5.0", "@peculiar/asn1-x509-attr": "^2.5.0", "asn1js": "^3.0.6", "tslib": "^2.8.1" } }, "sha512-UgqSMBLNLR5TzEZ5ZzxR45Nk6VJrammxd60WMSkofyNzd3DQLSNycGWSK5Xg3UTYbXcDFyG8pA/7/y/ztVCa6A=="],

    "@peculiar/asn1-rsa": ["@peculiar/asn1-rsa@2.5.0", "", { "dependencies": { "@peculiar/asn1-schema": "^2.5.0", "@peculiar/asn1-x509": "^2.5.0", "asn1js": "^3.0.6", "tslib": "^2.8.1" } }, "sha512-qMZ/vweiTHy9syrkkqWFvbT3eLoedvamcUdnnvwyyUNv5FgFXA3KP8td+ATibnlZ0EANW5PYRm8E6MJzEB/72Q=="],

    "@peculiar/asn1-schema": ["@peculiar/asn1-schema@2.5.0", "", { "dependencies": { "asn1js": "^3.0.6", "pvtsutils": "^1.3.6", "tslib": "^2.8.1" } }, "sha512-YM/nFfskFJSlHqv59ed6dZlLZqtZQwjRVJ4bBAiWV08Oc+1rSd5lDZcBEx0lGDHfSoH3UziI2pXt2UM33KerPQ=="],

    "@peculiar/asn1-x509": ["@peculiar/asn1-x509@2.5.0", "", { "dependencies": { "@peculiar/asn1-schema": "^2.5.0", "asn1js": "^3.0.6", "pvtsutils": "^1.3.6", "tslib": "^2.8.1" } }, "sha512-CpwtMCTJvfvYTFMuiME5IH+8qmDe3yEWzKHe7OOADbGfq7ohxeLaXwQo0q4du3qs0AII3UbLCvb9NF/6q0oTKQ=="],

    "@peculiar/asn1-x509-attr": ["@peculiar/asn1-x509-attr@2.5.0", "", { "dependencies": { "@peculiar/asn1-schema": "^2.5.0", "@peculiar/asn1-x509": "^2.5.0", "asn1js": "^3.0.6", "tslib": "^2.8.1" } }, "sha512-9f0hPOxiJDoG/bfNLAFven+Bd4gwz/VzrCIIWc1025LEI4BXO0U5fOCTNDPbbp2ll+UzqKsZ3g61mpBp74gk9A=="],

    "@peculiar/x509": ["@peculiar/x509@1.14.0", "", { "dependencies": { "@peculiar/asn1-cms": "^2.5.0", "@peculiar/asn1-csr": "^2.5.0", "@peculiar/asn1-ecc": "^2.5.0", "@peculiar/asn1-pkcs9": "^2.5.0", "@peculiar/asn1-rsa": "^2.5.0", "@peculiar/asn1-schema": "^2.5.0", "@peculiar/asn1-x509": "^2.5.0", "pvtsutils": "^1.3.6", "reflect-metadata": "^0.2.2", "tslib": "^2.8.1", "tsyringe": "^4.10.0" } }, "sha512-Yc4PDxN3OrxUPiXgU63c+ZRXKGE8YKF2McTciYhUHFtHVB0KMnjeFSU0qpztGhsp4P0uKix4+J2xEpIEDu8oXg=="],

    "@polar-sh/sdk": ["@polar-sh/sdk@0.41.5", "", { "dependencies": { "standardwebhooks": "^1.0.0", "zod": "^3.25.65 || ^4.0.0" } }, "sha512-E+VoVV+WvebZKmj+KZ/fj1byBZbG7J8hHyzYD9kktvAToigPM19sywo2tFCHeb44aWGCVACMOP8r31e6je7dxA=="],

    "@simplewebauthn/browser": ["@simplewebauthn/browser@13.2.2", "", {}, "sha512-FNW1oLQpTJyqG5kkDg5ZsotvWgmBaC6jCHR7Ej0qUNep36Wl9tj2eZu7J5rP+uhXgHaLk+QQ3lqcw2vS5MX1IA=="],

    "@simplewebauthn/server": ["@simplewebauthn/server@13.2.2", "", { "dependencies": { "@hexagon/base64": "^1.1.27", "@levischuck/tiny-cbor": "^0.2.2", "@peculiar/asn1-android": "^2.3.10", "@peculiar/asn1-ecc": "^2.3.8", "@peculiar/asn1-rsa": "^2.3.8", "@peculiar/asn1-schema": "^2.3.8", "@peculiar/asn1-x509": "^2.3.8", "@peculiar/x509": "^1.13.0" } }, "sha512-HcWLW28yTMGXpwE9VLx9J+N2KEUaELadLrkPEEI9tpI5la70xNEVEsu/C+m3u7uoq4FulLqZQhgBCzR9IZhFpA=="],

    "@simplewebauthn/types": ["@simplewebauthn/types@12.0.0", "", {}, "sha512-q6y8MkoV8V8jB4zzp18Uyj2I7oFp2/ONL8c3j8uT06AOWu3cIChc1au71QYHrP2b+xDapkGTiv+9lX7xkTlAsA=="],

    "@stablelib/base64": ["@stablelib/base64@1.0.1", "", {}, "sha512-1bnPQqSxSuc3Ii6MhBysoWCg58j97aUjuCSZrGSmDxNqtytIi0k8utUenAwTZN4V5mXXYGsVUI9zeBqy+jBOSQ=="],

    "@types/bun": ["@types/bun@1.3.1", "", { "dependencies": { "bun-types": "1.3.1" } }, "sha512-4jNMk2/K9YJtfqwoAa28c8wK+T7nvJFOjxI4h/7sORWcypRNxBpr+TPNaCfVWq70tLCJsqoFwcf0oI0JU/fvMQ=="],

    "@types/node": ["@types/node@24.9.2", "", { "dependencies": { "undici-types": "~7.16.0" } }, "sha512-uWN8YqxXxqFMX2RqGOrumsKeti4LlmIMIyV0lgut4jx7KQBcBiW6vkDtIBvHnHIquwNfJhk8v2OtmO8zXWHfPA=="],

    "@types/react": ["@types/react@19.2.2", "", { "dependencies": { "csstype": "^3.0.2" } }, "sha512-6mDvHUFSjyT2B2yeNx2nUgMxh9LtOWvkhIU3uePn2I2oyNymUAX1NIsdgviM4CH+JSrp2D2hsMvJOkxY+0wNRA=="],

    "@types/trusted-types": ["@types/trusted-types@2.0.7", "", {}, "sha512-ScaPdn1dQczgbl0QFTeTOmVHFULt394XJgOQNoyVhZ6r2vLnMLJfBPd53SB52T/3G36VI1/g2MZaX0cwDuXsfw=="],

    "asn1js": ["asn1js@3.0.6", "", { "dependencies": { "pvtsutils": "^1.3.6", "pvutils": "^1.1.3", "tslib": "^2.8.1" } }, "sha512-UOCGPYbl0tv8+006qks/dTgV9ajs97X2p0FAbyS2iyCRrmLSRolDaHdp+v/CLgnzHc3fVB+CwYiUmei7ndFcgA=="],

    "bun-types": ["bun-types@1.3.1", "", { "dependencies": { "@types/node": "*" }, "peerDependencies": { "@types/react": "^19" } }, "sha512-NMrcy7smratanWJ2mMXdpatalovtxVggkj11bScuWuiOoXTiKIu2eVS1/7qbyI/4yHedtsn175n4Sm4JcdHLXw=="],

    "csstype": ["csstype@3.1.3", "", {}, "sha512-M1uQkMl8rQK/szD0LNhtqxIPLpimGm8sOBwU7lLnCpSbTyY3yeU1Vc7l4KT5zT4s/yOxHH5O7tIuuLOCnLADRw=="],

    "detect-europe-js": ["detect-europe-js@0.1.2", "", {}, "sha512-lgdERlL3u0aUdHocoouzT10d9I89VVhk0qNRmll7mXdGfJT1/wqZ2ZLA4oJAjeACPY5fT1wsbq2AT+GkuInsow=="],

    "eventsource-client": ["eventsource-client@1.2.0", "", { "dependencies": { "eventsource-parser": "^3.0.0" } }, "sha512-kDI75RSzO3TwyG/K9w1ap8XwqSPcwi6jaMkNulfVeZmSeUM49U8kUzk1s+vKNt0tGrXgK47i+620Yasn1ccFiw=="],

    "eventsource-parser": ["eventsource-parser@3.0.6", "", {}, "sha512-Vo1ab+QXPzZ4tCa8SwIHJFaSzy4R6SHf7BY79rFBDf0idraZWAkYrDjDj8uWaSm3S2TK+hJ7/t1CEmZ7jXw+pg=="],

    "fast-sha256": ["fast-sha256@1.3.0", "", {}, "sha512-n11RGP/lrWEFI/bWdygLxhI+pVeo1ZYIVwvvPkW7azl/rOy+F3HYRZ2K5zeE9mmkhQppyv9sQFx0JM9UabnpPQ=="],

    "is-standalone-pwa": ["is-standalone-pwa@0.1.1", "", {}, "sha512-9Cbovsa52vNQCjdXOzeQq5CnCbAcRk05aU62K20WO372NrTv0NxibLFCK6lQ4/iZEFdEA3p3t2VNOn8AJ53F5g=="],

    "lit": ["lit@3.3.1", "", { "dependencies": { "@lit/reactive-element": "^2.1.0", "lit-element": "^4.2.0", "lit-html": "^3.3.0" } }, "sha512-Ksr/8L3PTapbdXJCk+EJVB78jDodUMaP54gD24W186zGRARvwrsPfS60wae/SSCTCNZVPd1chXqio1qHQmu4NA=="],

    "lit-element": ["lit-element@4.2.1", "", { "dependencies": { "@lit-labs/ssr-dom-shim": "^1.4.0", "@lit/reactive-element": "^2.1.0", "lit-html": "^3.3.0" } }, "sha512-WGAWRGzirAgyphK2urmYOV72tlvnxw7YfyLDgQ+OZnM9vQQBQnumQ7jUJe6unEzwGU3ahFOjuz1iz1jjrpCPuw=="],

    "lit-html": ["lit-html@3.3.1", "", { "dependencies": { "@types/trusted-types": "^2.0.2" } }, "sha512-S9hbyDu/vs1qNrithiNyeyv64c9yqiW9l+DBgI18fL+MTvOtWoFR0FWiyq1TxaYef5wNlpEmzlXoBlZEO+WjoA=="],

    "nanoid": ["nanoid@5.1.6", "", { "bin": { "nanoid": "bin/nanoid.js" } }, "sha512-c7+7RQ+dMB5dPwwCp4ee1/iV/q2P6aK1mTZcfr1BTuVlyW9hJYiMPybJCcnBlQtuSmTIWNeazm/zqNoZSSElBg=="],

    "pvtsutils": ["pvtsutils@1.3.6", "", { "dependencies": { "tslib": "^2.8.1" } }, "sha512-PLgQXQ6H2FWCaeRak8vvk1GW462lMxB5s3Jm673N82zI4vqtVUPuZdffdZbPDFRoU8kAhItWFtPCWiPpp4/EDg=="],

    "pvutils": ["pvutils@1.1.5", "", {}, "sha512-KTqnxsgGiQ6ZAzZCVlJH5eOjSnvlyEgx1m8bkRJfOhmGRqfo5KLvmAlACQkrjEtOQ4B7wF9TdSLIs9O90MX9xA=="],

    "reflect-metadata": ["reflect-metadata@0.2.2", "", {}, "sha512-urBwgfrvVP/eAyXx4hluJivBKzuEbSQs9rKWCrCkbSxNv8mxPcUZKeuoF3Uy4mJl3Lwprp6yy5/39VWigZ4K6Q=="],

    "standardwebhooks": ["standardwebhooks@1.0.0", "", { "dependencies": { "@stablelib/base64": "^1.0.0", "fast-sha256": "^1.3.0" } }, "sha512-BbHGOQK9olHPMvQNHWul6MYlrRTAOKn03rOe4A8O3CLWhNf4YHBqq2HJKKC+sfqpxiBY52pNeesD6jIiLDz8jg=="],

    "tslib": ["tslib@2.8.1", "", {}, "sha512-oJFu94HQb+KVduSUQL7wnpmqnfmLsOA/nAh6b6EH0wCEoK0/mPeXU6c3wKDV83MkOuHPRHtSXKKU99IBazS/2w=="],

    "tsyringe": ["tsyringe@4.10.0", "", { "dependencies": { "tslib": "^1.9.3" } }, "sha512-axr3IdNuVIxnaK5XGEUFTu3YmAQ6lllgrvqfEoR16g/HGnYY/6We4oWENtAnzK6/LpJ2ur9PAb80RBt7/U4ugw=="],

    "typescript": ["typescript@5.9.3", "", { "bin": { "tsc": "bin/tsc", "tsserver": "bin/tsserver" } }, "sha512-jl1vZzPDinLr9eUt3J/t7V6FgNEw9QjvBPdysz9KfQDD41fQrC2Y4vKQdiaUpFT4bXlb1RHhLpp8wtm6M5TgSw=="],

    "ua-is-frozen": ["ua-is-frozen@0.1.2", "", {}, "sha512-RwKDW2p3iyWn4UbaxpP2+VxwqXh0jpvdxsYpZ5j/MLLiQOfbsV5shpgQiw93+KMYQPcteeMQ289MaAFzs3G9pw=="],

    "ua-parser-js": ["ua-parser-js@2.0.6", "", { "dependencies": { "detect-europe-js": "^0.1.2", "is-standalone-pwa": "^0.1.1", "ua-is-frozen": "^0.1.2" }, "bin": { "ua-parser-js": "script/cli.js" } }, "sha512-EmaxXfltJaDW75SokrY4/lXMrVyXomE/0FpIIqP2Ctic93gK7rlme55Cwkz8l3YZ6gqf94fCU7AnIkidd/KXPg=="],

    "undici-types": ["undici-types@7.16.0", "", {}, "sha512-Zz+aZWSj8LE6zoxD+xrjh4VfkIG8Ya6LvYkZqtUQGJPZjYl53ypCaUwWqo7eI0x66KBGeRo+mlBEkMSeSZ38Nw=="],

    "zod": ["zod@4.1.12", "", {}, "sha512-JInaHOamG8pt5+Ey8kGmdcAcg3OL9reK8ltczgHTAwNhMys/6ThXHityHxVV2p3fkw/c+MAvBHFVYHFZDmjMCQ=="],

    "tsyringe/tslib": ["tslib@1.14.1", "", {}, "sha512-Xni35NKzjgMrwevysHTCArtLDpPvye8zV/0E4EyYn43P7/7qvQwPh9BGkHewbMulVntbigmcT7rdX3BNo9wRJg=="],
  }
}
